
Microsoft Visual Studio Solution File, Format Version 12.00
# Visual Studio Version 16
VisualStudioVersion = 16.0.30330.147
MinimumVisualStudioVersion = 10.0.40219.1
Project("{FAE04EC0-301F-11D3-BF4B-00C04F79EFBC}") = "Pudicitia.Common", "src\Pudicitia.Common\Pudicitia.Common.csproj", "{50EF7493-2F34-4A74-B961-F5B54C1F69F5}"
EndProject
Global
	GlobalSection(SolutionConfigurationPlatforms) = preSolution
		Debug|Any CPU = Debug|Any CPU
		Release|Any CPU = Release|Any CPU
	EndGlobalSection
	GlobalSection(ProjectConfigurationPlatforms) = postSolution
		{50EF7493-2F34-4A74-B961-F5B54C1F69F5}.Debug|Any CPU.ActiveCfg = Debug|Any CPU
		{50EF7493-2F34-4A74-B961-F5B54C1F69F5}.Debug|Any CPU.Build.0 = Debug|Any CPU
		{50EF7493-2F34-4A74-B961-F5B54C1F69F5}.Release|Any CPU.ActiveCfg = Release|Any CPU
		{50EF7493-2F34-4A74-B961-F5B54C1F69F5}.Release|Any CPU.Build.0 = Release|Any CPU
	EndGlobalSection
	GlobalSection(SolutionProperties) = preSolution
		HideSolutionNode = FALSE
	EndGlobalSection
	GlobalSection(ExtensibilityGlobals) = postSolution
		SolutionGuid = {239FAF19-3DCB-43BA-A090-1CCB356BCAF4}
	EndGlobalSection
EndGlobal
