
Microsoft Visual Studio Solution File, Format Version 12.00
# Visual Studio Version 17
VisualStudioVersion = 17.0.31919.166
MinimumVisualStudioVersion = 10.0.40219.1
Project("{9A19103F-16F7-4668-BE54-9A1E7A4F7556}") = "Pudicitia.Common", "src\Pudicitia.Common\Pudicitia.Common.csproj", "{BC6C8A87-0893-4E8C-9026-92C7B126AB46}"
EndProject
Project("{9A19103F-16F7-4668-BE54-9A1E7A4F7556}") = "Pudicitia.Common.EntityFrameworkCore", "src\Pudicitia.Common.EntityFrameworkCore\Pudicitia.Common.EntityFrameworkCore.csproj", "{B834F70C-44D6-488B-82AF-812926CA94C0}"
EndProject
Project("{9A19103F-16F7-4668-BE54-9A1E7A4F7556}") = "Pudicitia.Common.RabbitMQ", "src\Pudicitia.Common.RabbitMQ\Pudicitia.Common.RabbitMQ.csproj", "{9710A2B7-7121-42FC-A312-100A4711D7EA}"
EndProject
Project("{2150E333-8FDC-42A3-9474-1A3956D46DE8}") = "Pudicitia.Enterprise", "Pudicitia.Enterprise", "{1A919411-B670-409C-A543-1BA06E9EF131}"
EndProject
Project("{9A19103F-16F7-4668-BE54-9A1E7A4F7556}") = "Pudicitia.Enterprise.Gateway", "src\Pudicitia.Enterprise.Gateway\Pudicitia.Enterprise.Gateway.csproj", "{F144ADFE-3EF3-403D-B151-5D1E5267DA8B}"
EndProject
Project("{2150E333-8FDC-42A3-9474-1A3956D46DE8}") = "Pudicitia.HR", "Pudicitia.HR", "{72A7CF26-C547-4D4B-A3E2-51B8A322682E}"
EndProject
Project("{9A19103F-16F7-4668-BE54-9A1E7A4F7556}") = "Pudicitia.HR.Api", "src\Pudicitia.HR.Api\Pudicitia.HR.Api.csproj", "{B3996869-2ED6-4B12-8801-606D35EE5B5D}"
EndProject
Project("{9A19103F-16F7-4668-BE54-9A1E7A4F7556}") = "Pudicitia.HR.App", "src\Pudicitia.HR.App\Pudicitia.HR.App.csproj", "{14918A39-18AD-46C2-AD69-5B97EE017252}"
EndProject
Project("{9A19103F-16F7-4668-BE54-9A1E7A4F7556}") = "Pudicitia.HR.Data", "src\Pudicitia.HR.Data\Pudicitia.HR.Data.csproj", "{367885B4-BC33-4EB6-84A1-4BF412FD4ED8}"
EndProject
Project("{9A19103F-16F7-4668-BE54-9A1E7A4F7556}") = "Pudicitia.HR.Domain", "src\Pudicitia.HR.Domain\Pudicitia.HR.Domain.csproj", "{333FE3D9-4B0C-47BC-8117-1A91B72B185C}"
EndProject
Project("{9A19103F-16F7-4668-BE54-9A1E7A4F7556}") = "Pudicitia.HR.Events", "src\Pudicitia.HR.Events\Pudicitia.HR.Events.csproj", "{FA9C784A-CE07-4984-9940-2F07BB997DE4}"
EndProject
Project("{2150E333-8FDC-42A3-9474-1A3956D46DE8}") = "Pudicitia.Identity", "Pudicitia.Identity", "{FC199A34-1131-4144-B425-A4FA8DE4980C}"
EndProject
Project("{FAE04EC0-301F-11D3-BF4B-00C04F79EFBC}") = "Pudicitia.Identity.Api", "src\Pudicitia.Identity.Api\Pudicitia.Identity.Api.csproj", "{C4B8714E-39FE-4B13-AF34-B1845EEE8707}"
EndProject
Project("{FAE04EC0-301F-11D3-BF4B-00C04F79EFBC}") = "Pudicitia.Identity.App", "src\Pudicitia.Identity.App\Pudicitia.Identity.App.csproj", "{8AEA3451-609F-4ED8-988B-A7E41F333905}"
EndProject
Project("{FAE04EC0-301F-11D3-BF4B-00C04F79EFBC}") = "Pudicitia.Identity.Data", "src\Pudicitia.Identity.Data\Pudicitia.Identity.Data.csproj", "{FA286CCE-59C8-488A-828D-F877F6F4D8CD}"
EndProject
Project("{FAE04EC0-301F-11D3-BF4B-00C04F79EFBC}") = "Pudicitia.Identity.Domain", "src\Pudicitia.Identity.Domain\Pudicitia.Identity.Domain.csproj", "{B3156CE7-8E71-4E17-B119-4AD487BC9F63}"
EndProject
Project("{FAE04EC0-301F-11D3-BF4B-00C04F79EFBC}") = "Pudicitia.Identity.Events", "src\Pudicitia.Identity.Events\Pudicitia.Identity.Events.csproj", "{73FBA545-2A76-46A1-BE96-5A1B97541860}"
EndProject
Project("{E53339B2-1760-4266-BCC7-CA923CBCF16C}") = "docker-compose", "docker-compose.dcproj", "{3987BDD7-0231-4018-AFF2-EEE80550D3CC}"
EndProject
Global
	GlobalSection(SolutionConfigurationPlatforms) = preSolution
		Debug|Any CPU = Debug|Any CPU
		Release|Any CPU = Release|Any CPU
	EndGlobalSection
	GlobalSection(ProjectConfigurationPlatforms) = postSolution
		{BC6C8A87-0893-4E8C-9026-92C7B126AB46}.Debug|Any CPU.ActiveCfg = Debug|Any CPU
		{BC6C8A87-0893-4E8C-9026-92C7B126AB46}.Debug|Any CPU.Build.0 = Debug|Any CPU
		{BC6C8A87-0893-4E8C-9026-92C7B126AB46}.Release|Any CPU.ActiveCfg = Release|Any CPU
		{BC6C8A87-0893-4E8C-9026-92C7B126AB46}.Release|Any CPU.Build.0 = Release|Any CPU
		{B834F70C-44D6-488B-82AF-812926CA94C0}.Debug|Any CPU.ActiveCfg = Debug|Any CPU
		{B834F70C-44D6-488B-82AF-812926CA94C0}.Debug|Any CPU.Build.0 = Debug|Any CPU
		{B834F70C-44D6-488B-82AF-812926CA94C0}.Release|Any CPU.ActiveCfg = Release|Any CPU
		{B834F70C-44D6-488B-82AF-812926CA94C0}.Release|Any CPU.Build.0 = Release|Any CPU
		{9710A2B7-7121-42FC-A312-100A4711D7EA}.Debug|Any CPU.ActiveCfg = Debug|Any CPU
		{9710A2B7-7121-42FC-A312-100A4711D7EA}.Debug|Any CPU.Build.0 = Debug|Any CPU
		{9710A2B7-7121-42FC-A312-100A4711D7EA}.Release|Any CPU.ActiveCfg = Release|Any CPU
		{9710A2B7-7121-42FC-A312-100A4711D7EA}.Release|Any CPU.Build.0 = Release|Any CPU
		{F144ADFE-3EF3-403D-B151-5D1E5267DA8B}.Debug|Any CPU.ActiveCfg = Debug|Any CPU
		{F144ADFE-3EF3-403D-B151-5D1E5267DA8B}.Debug|Any CPU.Build.0 = Debug|Any CPU
		{F144ADFE-3EF3-403D-B151-5D1E5267DA8B}.Release|Any CPU.ActiveCfg = Release|Any CPU
		{F144ADFE-3EF3-403D-B151-5D1E5267DA8B}.Release|Any CPU.Build.0 = Release|Any CPU
		{B3996869-2ED6-4B12-8801-606D35EE5B5D}.Debug|Any CPU.ActiveCfg = Debug|Any CPU
		{B3996869-2ED6-4B12-8801-606D35EE5B5D}.Debug|Any CPU.Build.0 = Debug|Any CPU
		{B3996869-2ED6-4B12-8801-606D35EE5B5D}.Release|Any CPU.ActiveCfg = Release|Any CPU
		{B3996869-2ED6-4B12-8801-606D35EE5B5D}.Release|Any CPU.Build.0 = Release|Any CPU
		{14918A39-18AD-46C2-AD69-5B97EE017252}.Debug|Any CPU.ActiveCfg = Debug|Any CPU
		{14918A39-18AD-46C2-AD69-5B97EE017252}.Debug|Any CPU.Build.0 = Debug|Any CPU
		{14918A39-18AD-46C2-AD69-5B97EE017252}.Release|Any CPU.ActiveCfg = Release|Any CPU
		{14918A39-18AD-46C2-AD69-5B97EE017252}.Release|Any CPU.Build.0 = Release|Any CPU
		{367885B4-BC33-4EB6-84A1-4BF412FD4ED8}.Debug|Any CPU.ActiveCfg = Debug|Any CPU
		{367885B4-BC33-4EB6-84A1-4BF412FD4ED8}.Debug|Any CPU.Build.0 = Debug|Any CPU
		{367885B4-BC33-4EB6-84A1-4BF412FD4ED8}.Release|Any CPU.ActiveCfg = Release|Any CPU
		{367885B4-BC33-4EB6-84A1-4BF412FD4ED8}.Release|Any CPU.Build.0 = Release|Any CPU
		{333FE3D9-4B0C-47BC-8117-1A91B72B185C}.Debug|Any CPU.ActiveCfg = Debug|Any CPU
		{333FE3D9-4B0C-47BC-8117-1A91B72B185C}.Debug|Any CPU.Build.0 = Debug|Any CPU
		{333FE3D9-4B0C-47BC-8117-1A91B72B185C}.Release|Any CPU.ActiveCfg = Release|Any CPU
		{333FE3D9-4B0C-47BC-8117-1A91B72B185C}.Release|Any CPU.Build.0 = Release|Any CPU
		{FA9C784A-CE07-4984-9940-2F07BB997DE4}.Debug|Any CPU.ActiveCfg = Debug|Any CPU
		{FA9C784A-CE07-4984-9940-2F07BB997DE4}.Debug|Any CPU.Build.0 = Debug|Any CPU
		{FA9C784A-CE07-4984-9940-2F07BB997DE4}.Release|Any CPU.ActiveCfg = Release|Any CPU
		{FA9C784A-CE07-4984-9940-2F07BB997DE4}.Release|Any CPU.Build.0 = Release|Any CPU
		{C4B8714E-39FE-4B13-AF34-B1845EEE8707}.Debug|Any CPU.ActiveCfg = Debug|Any CPU
		{C4B8714E-39FE-4B13-AF34-B1845EEE8707}.Debug|Any CPU.Build.0 = Debug|Any CPU
		{C4B8714E-39FE-4B13-AF34-B1845EEE8707}.Release|Any CPU.ActiveCfg = Release|Any CPU
		{C4B8714E-39FE-4B13-AF34-B1845EEE8707}.Release|Any CPU.Build.0 = Release|Any CPU
		{8AEA3451-609F-4ED8-988B-A7E41F333905}.Debug|Any CPU.ActiveCfg = Debug|Any CPU
		{8AEA3451-609F-4ED8-988B-A7E41F333905}.Debug|Any CPU.Build.0 = Debug|Any CPU
		{8AEA3451-609F-4ED8-988B-A7E41F333905}.Release|Any CPU.ActiveCfg = Release|Any CPU
		{8AEA3451-609F-4ED8-988B-A7E41F333905}.Release|Any CPU.Build.0 = Release|Any CPU
		{FA286CCE-59C8-488A-828D-F877F6F4D8CD}.Debug|Any CPU.ActiveCfg = Debug|Any CPU
		{FA286CCE-59C8-488A-828D-F877F6F4D8CD}.Debug|Any CPU.Build.0 = Debug|Any CPU
		{FA286CCE-59C8-488A-828D-F877F6F4D8CD}.Release|Any CPU.ActiveCfg = Release|Any CPU
		{FA286CCE-59C8-488A-828D-F877F6F4D8CD}.Release|Any CPU.Build.0 = Release|Any CPU
		{B3156CE7-8E71-4E17-B119-4AD487BC9F63}.Debug|Any CPU.ActiveCfg = Debug|Any CPU
		{B3156CE7-8E71-4E17-B119-4AD487BC9F63}.Debug|Any CPU.Build.0 = Debug|Any CPU
		{B3156CE7-8E71-4E17-B119-4AD487BC9F63}.Release|Any CPU.ActiveCfg = Release|Any CPU
		{B3156CE7-8E71-4E17-B119-4AD487BC9F63}.Release|Any CPU.Build.0 = Release|Any CPU
		{73FBA545-2A76-46A1-BE96-5A1B97541860}.Debug|Any CPU.ActiveCfg = Debug|Any CPU
		{73FBA545-2A76-46A1-BE96-5A1B97541860}.Debug|Any CPU.Build.0 = Debug|Any CPU
		{73FBA545-2A76-46A1-BE96-5A1B97541860}.Release|Any CPU.ActiveCfg = Release|Any CPU
		{73FBA545-2A76-46A1-BE96-5A1B97541860}.Release|Any CPU.Build.0 = Release|Any CPU
		{3987BDD7-0231-4018-AFF2-EEE80550D3CC}.Debug|Any CPU.ActiveCfg = Debug|Any CPU
		{3987BDD7-0231-4018-AFF2-EEE80550D3CC}.Debug|Any CPU.Build.0 = Debug|Any CPU
		{3987BDD7-0231-4018-AFF2-EEE80550D3CC}.Release|Any CPU.ActiveCfg = Release|Any CPU
		{3987BDD7-0231-4018-AFF2-EEE80550D3CC}.Release|Any CPU.Build.0 = Release|Any CPU
	EndGlobalSection
	GlobalSection(SolutionProperties) = preSolution
		HideSolutionNode = FALSE
	EndGlobalSection
	GlobalSection(NestedProjects) = preSolution
		{F144ADFE-3EF3-403D-B151-5D1E5267DA8B} = {1A919411-B670-409C-A543-1BA06E9EF131}
		{B3996869-2ED6-4B12-8801-606D35EE5B5D} = {72A7CF26-C547-4D4B-A3E2-51B8A322682E}
		{14918A39-18AD-46C2-AD69-5B97EE017252} = {72A7CF26-C547-4D4B-A3E2-51B8A322682E}
		{367885B4-BC33-4EB6-84A1-4BF412FD4ED8} = {72A7CF26-C547-4D4B-A3E2-51B8A322682E}
		{333FE3D9-4B0C-47BC-8117-1A91B72B185C} = {72A7CF26-C547-4D4B-A3E2-51B8A322682E}
		{FA9C784A-CE07-4984-9940-2F07BB997DE4} = {72A7CF26-C547-4D4B-A3E2-51B8A322682E}
		{C4B8714E-39FE-4B13-AF34-B1845EEE8707} = {FC199A34-1131-4144-B425-A4FA8DE4980C}
		{8AEA3451-609F-4ED8-988B-A7E41F333905} = {FC199A34-1131-4144-B425-A4FA8DE4980C}
		{FA286CCE-59C8-488A-828D-F877F6F4D8CD} = {FC199A34-1131-4144-B425-A4FA8DE4980C}
		{B3156CE7-8E71-4E17-B119-4AD487BC9F63} = {FC199A34-1131-4144-B425-A4FA8DE4980C}
		{73FBA545-2A76-46A1-BE96-5A1B97541860} = {FC199A34-1131-4144-B425-A4FA8DE4980C}
	EndGlobalSection
	GlobalSection(ExtensibilityGlobals) = postSolution
		SolutionGuid = {DD59E4C1-3DF3-4508-BB12-45814A20BD88}
	EndGlobalSection
EndGlobal
