
Microsoft Visual Studio Solution File, Format Version 12.00
# Visual Studio Version 16
VisualStudioVersion = 16.0.30330.147
MinimumVisualStudioVersion = 10.0.40219.1
Project("{9A19103F-16F7-4668-BE54-9A1E7A4F7556}") = "Pudicitia.Common", "src\Pudicitia.Common\Pudicitia.Common.csproj", "{50EF7493-2F34-4A74-B961-F5B54C1F69F5}"
EndProject
Project("{2150E333-8FDC-42A3-9474-1A3956D46DE8}") = "Pudicitia.HR", "Pudicitia.HR", "{915C4723-3EF4-4F7F-86CD-0994C32A8BE4}"
EndProject
Project("{9A19103F-16F7-4668-BE54-9A1E7A4F7556}") = "Pudicitia.HR.Api", "src\Pudicitia.HR.Api\Pudicitia.HR.Api.csproj", "{B6A757BB-639E-4640-84A0-79DD0E4CC6E0}"
EndProject
Project("{9A19103F-16F7-4668-BE54-9A1E7A4F7556}") = "Pudicitia.HR.App", "src\Pudicitia.HR.App\Pudicitia.HR.App.csproj", "{7B88209E-B60C-422F-AC69-C913511F0EFD}"
EndProject
Project("{9A19103F-16F7-4668-BE54-9A1E7A4F7556}") = "Pudicitia.HR.Data", "src\Pudicitia.HR.Data\Pudicitia.HR.Data.csproj", "{D0976D36-ABE2-4BCB-934D-6328EC82CEF5}"
EndProject
Project("{9A19103F-16F7-4668-BE54-9A1E7A4F7556}") = "Pudicitia.HR.Domain", "src\Pudicitia.HR.Domain\Pudicitia.HR.Domain.csproj", "{D67C21A2-9919-42B2-A171-FDE37914B8BA}"
EndProject
Project("{2150E333-8FDC-42A3-9474-1A3956D46DE8}") = "Pudicitia.Identity", "Pudicitia.Identity", "{A94EE2B3-65F4-40EE-8363-B57E97EA822B}"
EndProject
Project("{9A19103F-16F7-4668-BE54-9A1E7A4F7556}") = "Pudicitia.Identity.Api", "src\Pudicitia.Identity.Api\Pudicitia.Identity.Api.csproj", "{1EB4D059-94EC-4864-BBDD-481AD257D6AA}"
EndProject
Project("{9A19103F-16F7-4668-BE54-9A1E7A4F7556}") = "Pudicitia.Identity.App", "src\Pudicitia.Identity.App\Pudicitia.Identity.App.csproj", "{4B3CB2CE-9A68-4510-B886-C05C5848E610}"
EndProject
Project("{9A19103F-16F7-4668-BE54-9A1E7A4F7556}") = "Pudicitia.Identity.Data", "src\Pudicitia.Identity.Data\Pudicitia.Identity.Data.csproj", "{0ED65BFB-ED3A-4558-BF52-07B0F3771972}"
EndProject
Project("{9A19103F-16F7-4668-BE54-9A1E7A4F7556}") = "Pudicitia.Identity.Domain", "src\Pudicitia.Identity.Domain\Pudicitia.Identity.Domain.csproj", "{81FA6A5D-EA58-4084-B8CE-ADE5B00F38F6}"
EndProject
Project("{9A19103F-16F7-4668-BE54-9A1E7A4F7556}") = "Pudicitia.Common.EntityFrameworkCore", "src\Pudicitia.Common.EntityFrameworkCore\Pudicitia.Common.EntityFrameworkCore.csproj", "{C234DA44-D3BD-4995-8012-48F1FD0CE9B2}"
EndProject
Project("{E53339B2-1760-4266-BCC7-CA923CBCF16C}") = "docker-compose", "docker-compose.dcproj", "{57C0C94B-7CFF-43B0-9983-6FC22A42FFA5}"
EndProject
Project("{2150E333-8FDC-42A3-9474-1A3956D46DE8}") = "Pudicitia.Enterprise", "Pudicitia.Enterprise", "{FF0C8D32-38B4-4139-915E-7BABBE8A379C}"
EndProject
Project("{9A19103F-16F7-4668-BE54-9A1E7A4F7556}") = "Pudicitia.Enterprise.Gateway", "src\Pudicitia.Enterprise.Gateway\Pudicitia.Enterprise.Gateway.csproj", "{64CC6913-FE11-45C6-9056-31EE0C02CB8C}"
EndProject
Project("{9A19103F-16F7-4668-BE54-9A1E7A4F7556}") = "Pudicitia.Common.RabbitMQ", "src\Pudicitia.Common.RabbitMQ\Pudicitia.Common.RabbitMQ.csproj", "{A52196E6-E99B-4547-8027-F60AF6D1F0EE}"
EndProject
Project("{9A19103F-16F7-4668-BE54-9A1E7A4F7556}") = "Pudicitia.HR.Events", "src\Pudicitia.HR.Events\Pudicitia.HR.Events.csproj", "{A9C3C062-A05F-4828-A16A-CC8D3D8B9488}"
EndProject
Global
	GlobalSection(SolutionConfigurationPlatforms) = preSolution
		Debug|Any CPU = Debug|Any CPU
		Release|Any CPU = Release|Any CPU
	EndGlobalSection
	GlobalSection(ProjectConfigurationPlatforms) = postSolution
		{50EF7493-2F34-4A74-B961-F5B54C1F69F5}.Debug|Any CPU.ActiveCfg = Debug|Any CPU
		{50EF7493-2F34-4A74-B961-F5B54C1F69F5}.Debug|Any CPU.Build.0 = Debug|Any CPU
		{50EF7493-2F34-4A74-B961-F5B54C1F69F5}.Release|Any CPU.ActiveCfg = Release|Any CPU
		{50EF7493-2F34-4A74-B961-F5B54C1F69F5}.Release|Any CPU.Build.0 = Release|Any CPU
		{B6A757BB-639E-4640-84A0-79DD0E4CC6E0}.Debug|Any CPU.ActiveCfg = Debug|Any CPU
		{B6A757BB-639E-4640-84A0-79DD0E4CC6E0}.Debug|Any CPU.Build.0 = Debug|Any CPU
		{B6A757BB-639E-4640-84A0-79DD0E4CC6E0}.Release|Any CPU.ActiveCfg = Release|Any CPU
		{B6A757BB-639E-4640-84A0-79DD0E4CC6E0}.Release|Any CPU.Build.0 = Release|Any CPU
		{7B88209E-B60C-422F-AC69-C913511F0EFD}.Debug|Any CPU.ActiveCfg = Debug|Any CPU
		{7B88209E-B60C-422F-AC69-C913511F0EFD}.Debug|Any CPU.Build.0 = Debug|Any CPU
		{7B88209E-B60C-422F-AC69-C913511F0EFD}.Release|Any CPU.ActiveCfg = Release|Any CPU
		{7B88209E-B60C-422F-AC69-C913511F0EFD}.Release|Any CPU.Build.0 = Release|Any CPU
		{D0976D36-ABE2-4BCB-934D-6328EC82CEF5}.Debug|Any CPU.ActiveCfg = Debug|Any CPU
		{D0976D36-ABE2-4BCB-934D-6328EC82CEF5}.Debug|Any CPU.Build.0 = Debug|Any CPU
		{D0976D36-ABE2-4BCB-934D-6328EC82CEF5}.Release|Any CPU.ActiveCfg = Release|Any CPU
		{D0976D36-ABE2-4BCB-934D-6328EC82CEF5}.Release|Any CPU.Build.0 = Release|Any CPU
		{D67C21A2-9919-42B2-A171-FDE37914B8BA}.Debug|Any CPU.ActiveCfg = Debug|Any CPU
		{D67C21A2-9919-42B2-A171-FDE37914B8BA}.Debug|Any CPU.Build.0 = Debug|Any CPU
		{D67C21A2-9919-42B2-A171-FDE37914B8BA}.Release|Any CPU.ActiveCfg = Release|Any CPU
		{D67C21A2-9919-42B2-A171-FDE37914B8BA}.Release|Any CPU.Build.0 = Release|Any CPU
		{1EB4D059-94EC-4864-BBDD-481AD257D6AA}.Debug|Any CPU.ActiveCfg = Debug|Any CPU
		{1EB4D059-94EC-4864-BBDD-481AD257D6AA}.Debug|Any CPU.Build.0 = Debug|Any CPU
		{1EB4D059-94EC-4864-BBDD-481AD257D6AA}.Release|Any CPU.ActiveCfg = Release|Any CPU
		{1EB4D059-94EC-4864-BBDD-481AD257D6AA}.Release|Any CPU.Build.0 = Release|Any CPU
		{4B3CB2CE-9A68-4510-B886-C05C5848E610}.Debug|Any CPU.ActiveCfg = Debug|Any CPU
		{4B3CB2CE-9A68-4510-B886-C05C5848E610}.Debug|Any CPU.Build.0 = Debug|Any CPU
		{4B3CB2CE-9A68-4510-B886-C05C5848E610}.Release|Any CPU.ActiveCfg = Release|Any CPU
		{4B3CB2CE-9A68-4510-B886-C05C5848E610}.Release|Any CPU.Build.0 = Release|Any CPU
		{0ED65BFB-ED3A-4558-BF52-07B0F3771972}.Debug|Any CPU.ActiveCfg = Debug|Any CPU
		{0ED65BFB-ED3A-4558-BF52-07B0F3771972}.Debug|Any CPU.Build.0 = Debug|Any CPU
		{0ED65BFB-ED3A-4558-BF52-07B0F3771972}.Release|Any CPU.ActiveCfg = Release|Any CPU
		{0ED65BFB-ED3A-4558-BF52-07B0F3771972}.Release|Any CPU.Build.0 = Release|Any CPU
		{81FA6A5D-EA58-4084-B8CE-ADE5B00F38F6}.Debug|Any CPU.ActiveCfg = Debug|Any CPU
		{81FA6A5D-EA58-4084-B8CE-ADE5B00F38F6}.Debug|Any CPU.Build.0 = Debug|Any CPU
		{81FA6A5D-EA58-4084-B8CE-ADE5B00F38F6}.Release|Any CPU.ActiveCfg = Release|Any CPU
		{81FA6A5D-EA58-4084-B8CE-ADE5B00F38F6}.Release|Any CPU.Build.0 = Release|Any CPU
		{C234DA44-D3BD-4995-8012-48F1FD0CE9B2}.Debug|Any CPU.ActiveCfg = Debug|Any CPU
		{C234DA44-D3BD-4995-8012-48F1FD0CE9B2}.Debug|Any CPU.Build.0 = Debug|Any CPU
		{C234DA44-D3BD-4995-8012-48F1FD0CE9B2}.Release|Any CPU.ActiveCfg = Release|Any CPU
		{C234DA44-D3BD-4995-8012-48F1FD0CE9B2}.Release|Any CPU.Build.0 = Release|Any CPU
		{57C0C94B-7CFF-43B0-9983-6FC22A42FFA5}.Debug|Any CPU.ActiveCfg = Debug|Any CPU
		{57C0C94B-7CFF-43B0-9983-6FC22A42FFA5}.Debug|Any CPU.Build.0 = Debug|Any CPU
		{57C0C94B-7CFF-43B0-9983-6FC22A42FFA5}.Release|Any CPU.ActiveCfg = Release|Any CPU
		{57C0C94B-7CFF-43B0-9983-6FC22A42FFA5}.Release|Any CPU.Build.0 = Release|Any CPU
		{64CC6913-FE11-45C6-9056-31EE0C02CB8C}.Debug|Any CPU.ActiveCfg = Debug|Any CPU
		{64CC6913-FE11-45C6-9056-31EE0C02CB8C}.Debug|Any CPU.Build.0 = Debug|Any CPU
		{64CC6913-FE11-45C6-9056-31EE0C02CB8C}.Release|Any CPU.ActiveCfg = Release|Any CPU
		{64CC6913-FE11-45C6-9056-31EE0C02CB8C}.Release|Any CPU.Build.0 = Release|Any CPU
		{A52196E6-E99B-4547-8027-F60AF6D1F0EE}.Debug|Any CPU.ActiveCfg = Debug|Any CPU
		{A52196E6-E99B-4547-8027-F60AF6D1F0EE}.Debug|Any CPU.Build.0 = Debug|Any CPU
		{A52196E6-E99B-4547-8027-F60AF6D1F0EE}.Release|Any CPU.ActiveCfg = Release|Any CPU
		{A52196E6-E99B-4547-8027-F60AF6D1F0EE}.Release|Any CPU.Build.0 = Release|Any CPU
		{A9C3C062-A05F-4828-A16A-CC8D3D8B9488}.Debug|Any CPU.ActiveCfg = Debug|Any CPU
		{A9C3C062-A05F-4828-A16A-CC8D3D8B9488}.Debug|Any CPU.Build.0 = Debug|Any CPU
		{A9C3C062-A05F-4828-A16A-CC8D3D8B9488}.Release|Any CPU.ActiveCfg = Release|Any CPU
		{A9C3C062-A05F-4828-A16A-CC8D3D8B9488}.Release|Any CPU.Build.0 = Release|Any CPU
	EndGlobalSection
	GlobalSection(SolutionProperties) = preSolution
		HideSolutionNode = FALSE
	EndGlobalSection
	GlobalSection(NestedProjects) = preSolution
		{B6A757BB-639E-4640-84A0-79DD0E4CC6E0} = {915C4723-3EF4-4F7F-86CD-0994C32A8BE4}
		{7B88209E-B60C-422F-AC69-C913511F0EFD} = {915C4723-3EF4-4F7F-86CD-0994C32A8BE4}
		{D0976D36-ABE2-4BCB-934D-6328EC82CEF5} = {915C4723-3EF4-4F7F-86CD-0994C32A8BE4}
		{D67C21A2-9919-42B2-A171-FDE37914B8BA} = {915C4723-3EF4-4F7F-86CD-0994C32A8BE4}
		{1EB4D059-94EC-4864-BBDD-481AD257D6AA} = {A94EE2B3-65F4-40EE-8363-B57E97EA822B}
		{4B3CB2CE-9A68-4510-B886-C05C5848E610} = {A94EE2B3-65F4-40EE-8363-B57E97EA822B}
		{0ED65BFB-ED3A-4558-BF52-07B0F3771972} = {A94EE2B3-65F4-40EE-8363-B57E97EA822B}
		{81FA6A5D-EA58-4084-B8CE-ADE5B00F38F6} = {A94EE2B3-65F4-40EE-8363-B57E97EA822B}
		{64CC6913-FE11-45C6-9056-31EE0C02CB8C} = {FF0C8D32-38B4-4139-915E-7BABBE8A379C}
		{A9C3C062-A05F-4828-A16A-CC8D3D8B9488} = {915C4723-3EF4-4F7F-86CD-0994C32A8BE4}
	EndGlobalSection
	GlobalSection(ExtensibilityGlobals) = postSolution
		SolutionGuid = {239FAF19-3DCB-43BA-A090-1CCB356BCAF4}
	EndGlobalSection
EndGlobal
